
Microsoft Visual Studio Solution File, Format Version 12.00
# Visual Studio 15
VisualStudioVersion = 15.0.26430.16
MinimumVisualStudioVersion = 10.0.40219.1
Project("{262852C6-CD72-467D-83FE-5EEB1973A190}") = "TheCalendarCompose", "TheCalendarCompose\TheCalendarCompose.jsproj", "{C652F04C-E641-4B3F-8BE5-398B11203B53}"
EndProject
Global
	GlobalSection(SolutionConfigurationPlatforms) = preSolution
		Debug|Android = Debug|Android
		Debug|iOS = Debug|iOS
		Debug|Windows-ARM = Debug|Windows-ARM
		Debug|Windows-x64 = Debug|Windows-x64
		Debug|Windows-x86 = Debug|Windows-x86
		Release|Android = Release|Android
		Release|iOS = Release|iOS
		Release|Windows-ARM = Release|Windows-ARM
		Release|Windows-x64 = Release|Windows-x64
		Release|Windows-x86 = Release|Windows-x86
	EndGlobalSection
	GlobalSection(ProjectConfigurationPlatforms) = postSolution
		{C652F04C-E641-4B3F-8BE5-398B11203B53}.Debug|Android.ActiveCfg = Debug|Android
		{C652F04C-E641-4B3F-8BE5-398B11203B53}.Debug|Android.Build.0 = Debug|Android
		{C652F04C-E641-4B3F-8BE5-398B11203B53}.Debug|Android.Deploy.0 = Debug|Android
		{C652F04C-E641-4B3F-8BE5-398B11203B53}.Debug|iOS.ActiveCfg = Debug|iOS
		{C652F04C-E641-4B3F-8BE5-398B11203B53}.Debug|iOS.Build.0 = Debug|iOS
		{C652F04C-E641-4B3F-8BE5-398B11203B53}.Debug|iOS.Deploy.0 = Debug|iOS
		{C652F04C-E641-4B3F-8BE5-398B11203B53}.Debug|Windows-ARM.ActiveCfg = Debug|Windows-ARM
		{C652F04C-E641-4B3F-8BE5-398B11203B53}.Debug|Windows-ARM.Build.0 = Debug|Windows-ARM
		{C652F04C-E641-4B3F-8BE5-398B11203B53}.Debug|Windows-ARM.Deploy.0 = Debug|Windows-ARM
		{C652F04C-E641-4B3F-8BE5-398B11203B53}.Debug|Windows-x64.ActiveCfg = Debug|Windows-x64
		{C652F04C-E641-4B3F-8BE5-398B11203B53}.Debug|Windows-x64.Build.0 = Debug|Windows-x64
		{C652F04C-E641-4B3F-8BE5-398B11203B53}.Debug|Windows-x64.Deploy.0 = Debug|Windows-x64
		{C652F04C-E641-4B3F-8BE5-398B11203B53}.Debug|Windows-x86.ActiveCfg = Debug|Windows-x86
		{C652F04C-E641-4B3F-8BE5-398B11203B53}.Debug|Windows-x86.Build.0 = Debug|Windows-x86
		{C652F04C-E641-4B3F-8BE5-398B11203B53}.Debug|Windows-x86.Deploy.0 = Debug|Windows-x86
		{C652F04C-E641-4B3F-8BE5-398B11203B53}.Release|Android.ActiveCfg = Release|Android
		{C652F04C-E641-4B3F-8BE5-398B11203B53}.Release|Android.Build.0 = Release|Android
		{C652F04C-E641-4B3F-8BE5-398B11203B53}.Release|Android.Deploy.0 = Release|Android
		{C652F04C-E641-4B3F-8BE5-398B11203B53}.Release|iOS.ActiveCfg = Release|iOS
		{C652F04C-E641-4B3F-8BE5-398B11203B53}.Release|iOS.Build.0 = Release|iOS
		{C652F04C-E641-4B3F-8BE5-398B11203B53}.Release|iOS.Deploy.0 = Release|iOS
		{C652F04C-E641-4B3F-8BE5-398B11203B53}.Release|Windows-ARM.ActiveCfg = Release|Windows-ARM
		{C652F04C-E641-4B3F-8BE5-398B11203B53}.Release|Windows-ARM.Build.0 = Release|Windows-ARM
		{C652F04C-E641-4B3F-8BE5-398B11203B53}.Release|Windows-ARM.Deploy.0 = Release|Windows-ARM
		{C652F04C-E641-4B3F-8BE5-398B11203B53}.Release|Windows-x64.ActiveCfg = Release|Windows-x64
		{C652F04C-E641-4B3F-8BE5-398B11203B53}.Release|Windows-x64.Build.0 = Release|Windows-x64
		{C652F04C-E641-4B3F-8BE5-398B11203B53}.Release|Windows-x64.Deploy.0 = Release|Windows-x64
		{C652F04C-E641-4B3F-8BE5-398B11203B53}.Release|Windows-x86.ActiveCfg = Release|Windows-x86
		{C652F04C-E641-4B3F-8BE5-398B11203B53}.Release|Windows-x86.Build.0 = Release|Windows-x86
		{C652F04C-E641-4B3F-8BE5-398B11203B53}.Release|Windows-x86.Deploy.0 = Release|Windows-x86
	EndGlobalSection
	GlobalSection(SolutionProperties) = preSolution
		HideSolutionNode = FALSE
	EndGlobalSection
EndGlobal
